
Microsoft Visual Studio Solution File, Format Version 11.00
# Visual Studio 2010
Project("{888888A0-9F3D-457C-B088-3A5042F75D52}") = "FbChatChannelAPI", "FbChatChannelAPI.pyproj", "{8A9C2DF5-94B0-41A6-B9D8-807C95CB6515}"
EndProject
Global
	GlobalSection(SolutionConfigurationPlatforms) = preSolution
		Debug|Any CPU = Debug|Any CPU
		Release|Any CPU = Release|Any CPU
	EndGlobalSection
	GlobalSection(ProjectConfigurationPlatforms) = postSolution
		{8A9C2DF5-94B0-41A6-B9D8-807C95CB6515}.Debug|Any CPU.ActiveCfg = Debug|Any CPU
		{8A9C2DF5-94B0-41A6-B9D8-807C95CB6515}.Release|Any CPU.ActiveCfg = Release|Any CPU
	EndGlobalSection
	GlobalSection(SolutionProperties) = preSolution
		HideSolutionNode = FALSE
	EndGlobalSection
EndGlobal
